
Microsoft Visual Studio Solution File, Format Version 12.00
# Visual Studio Version 17
VisualStudioVersion = 17.10.35122.118
MinimumVisualStudioVersion = 10.0.40219.1
Project("{FAE04EC0-301F-11D3-BF4B-00C04F79EFBC}") = "Queues_BarnettLandon", "Queues_BarnettLandon\Queues_BarnettLandon.csproj", "{2F87F1F1-4049-4C96-82E1-D24090246489}"
EndProject
Global
	GlobalSection(SolutionConfigurationPlatforms) = preSolution
		Debug|Any CPU = Debug|Any CPU
		Release|Any CPU = Release|Any CPU
	EndGlobalSection
	GlobalSection(ProjectConfigurationPlatforms) = postSolution
		{2F87F1F1-4049-4C96-82E1-D24090246489}.Debug|Any CPU.ActiveCfg = Debug|Any CPU
		{2F87F1F1-4049-4C96-82E1-D24090246489}.Debug|Any CPU.Build.0 = Debug|Any CPU
		{2F87F1F1-4049-4C96-82E1-D24090246489}.Release|Any CPU.ActiveCfg = Release|Any CPU
		{2F87F1F1-4049-4C96-82E1-D24090246489}.Release|Any CPU.Build.0 = Release|Any CPU
	EndGlobalSection
	GlobalSection(SolutionProperties) = preSolution
		HideSolutionNode = FALSE
	EndGlobalSection
	GlobalSection(ExtensibilityGlobals) = postSolution
		SolutionGuid = {131BA78F-4BD5-45FB-A409-45350BF08BE4}
	EndGlobalSection
EndGlobal
